
Microsoft Visual Studio Solution File, Format Version 12.00
# Visual Studio 2013
VisualStudioVersion = 12.0.40629.0
MinimumVisualStudioVersion = 10.0.40219.1
Project("{FAE04EC0-301F-11D3-BF4B-00C04F79EFBC}") = "AmosBatista.MiniDataEntry.Model", "AmosBatista.MiniDataEntry.Model.csproj", "{DE060E96-2FDD-4CE4-B673-8D8F73B766C6}"
EndProject
Project("{FAE04EC0-301F-11D3-BF4B-00C04F79EFBC}") = "AmosBatista.MiniDataEntry.Control", "..\..\..\Control\AmosBatista.MiniDataEntry.Control\AmosBatista.MiniDataEntry.Control.csproj", "{0D9D13D8-5137-4D28-8BE5-7912270DBFD7}"
EndProject
Project("{FAE04EC0-301F-11D3-BF4B-00C04F79EFBC}") = "Teste", "..\..\..\Tester\Teste\Teste.csproj", "{EE0D214C-6EB3-4489-B4A0-8A9E29CE4548}"
EndProject
Global
	GlobalSection(SolutionConfigurationPlatforms) = preSolution
		Debug|Any CPU = Debug|Any CPU
		Release|Any CPU = Release|Any CPU
	EndGlobalSection
	GlobalSection(ProjectConfigurationPlatforms) = postSolution
		{DE060E96-2FDD-4CE4-B673-8D8F73B766C6}.Debug|Any CPU.ActiveCfg = Debug|Any CPU
		{DE060E96-2FDD-4CE4-B673-8D8F73B766C6}.Debug|Any CPU.Build.0 = Debug|Any CPU
		{DE060E96-2FDD-4CE4-B673-8D8F73B766C6}.Release|Any CPU.ActiveCfg = Release|Any CPU
		{DE060E96-2FDD-4CE4-B673-8D8F73B766C6}.Release|Any CPU.Build.0 = Release|Any CPU
		{0D9D13D8-5137-4D28-8BE5-7912270DBFD7}.Debug|Any CPU.ActiveCfg = Debug|Any CPU
		{0D9D13D8-5137-4D28-8BE5-7912270DBFD7}.Debug|Any CPU.Build.0 = Debug|Any CPU
		{0D9D13D8-5137-4D28-8BE5-7912270DBFD7}.Release|Any CPU.ActiveCfg = Release|Any CPU
		{0D9D13D8-5137-4D28-8BE5-7912270DBFD7}.Release|Any CPU.Build.0 = Release|Any CPU
		{EE0D214C-6EB3-4489-B4A0-8A9E29CE4548}.Debug|Any CPU.ActiveCfg = Debug|Any CPU
		{EE0D214C-6EB3-4489-B4A0-8A9E29CE4548}.Debug|Any CPU.Build.0 = Debug|Any CPU
		{EE0D214C-6EB3-4489-B4A0-8A9E29CE4548}.Release|Any CPU.ActiveCfg = Release|Any CPU
		{EE0D214C-6EB3-4489-B4A0-8A9E29CE4548}.Release|Any CPU.Build.0 = Release|Any CPU
	EndGlobalSection
	GlobalSection(SolutionProperties) = preSolution
		HideSolutionNode = FALSE
	EndGlobalSection
EndGlobal
